// !$*UTF8*$!
{
	archiveVersion = 1;
	classes = {
	};
	objectVersion = 77;
	objects = {

/* Begin PBXBuildFile section */
		A0669DB82D794A5D00E1D532 /* FirebaseAuth in Frameworks */ = {isa = PBXBuildFile; productRef = A0669DB72D794A5D00E1D532 /* FirebaseAuth */; };
		A0669DBA2D794A5D00E1D532 /* FirebaseCore in Frameworks */ = {isa = PBXBuildFile; productRef = A0669DB92D794A5D00E1D532 /* FirebaseCore */; };
		A0669DBC2D794A5D00E1D532 /* FirebaseCrashlytics in Frameworks */ = {isa = PBXBuildFile; productRef = A0669DBB2D794A5D00E1D532 /* FirebaseCrashlytics */; };
		A0669DBF2D794AB800E1D532 /* GoogleSignIn in Frameworks */ = {isa = PBXBuildFile; productRef = A0669DBE2D794AB800E1D532 /* GoogleSignIn */; };
		A0669DC12D794AB800E1D532 /* GoogleSignInSwift in Frameworks */ = {isa = PBXBuildFile; productRef = A0669DC02D794AB800E1D532 /* GoogleSignInSwift */; };
		A0669DC42D794C2800E1D532 /* RealmSwift in Frameworks */ = {isa = PBXBuildFile; productRef = A0669DC32D794C2800E1D532 /* RealmSwift */; };
		A0669DC72D794C4300E1D532 /* SnapKit in Frameworks */ = {isa = PBXBuildFile; productRef = A0669DC62D794C4300E1D532 /* SnapKit */; };
/* End PBXBuildFile section */

/* Begin PBXContainerItemProxy section */
		A0669D782D79474B00E1D532 /* PBXContainerItemProxy */ = {
			isa = PBXContainerItemProxy;
			containerPortal = A0669D592D79474A00E1D532 /* Project object */;
			proxyType = 1;
			remoteGlobalIDString = A0669D602D79474A00E1D532;
			remoteInfo = ExpensesTrackerApp;
		};
		A0669D822D79474B00E1D532 /* PBXContainerItemProxy */ = {
			isa = PBXContainerItemProxy;
			containerPortal = A0669D592D79474A00E1D532 /* Project object */;
			proxyType = 1;
			remoteGlobalIDString = A0669D602D79474A00E1D532;
			remoteInfo = ExpensesTrackerApp;
		};
/* End PBXContainerItemProxy section */

/* Begin PBXFileReference section */
		A0669D612D79474A00E1D532 /* ExpensesTrackerApp.app */ = {isa = PBXFileReference; explicitFileType = wrapper.application; includeInIndex = 0; path = ExpensesTrackerApp.app; sourceTree = BUILT_PRODUCTS_DIR; };
		A0669D772D79474B00E1D532 /* ExpensesTrackerAppTests.xctest */ = {isa = PBXFileReference; explicitFileType = wrapper.cfbundle; includeInIndex = 0; path = ExpensesTrackerAppTests.xctest; sourceTree = BUILT_PRODUCTS_DIR; };
		A0669D812D79474B00E1D532 /* ExpensesTrackerAppUITests.xctest */ = {isa = PBXFileReference; explicitFileType = wrapper.cfbundle; includeInIndex = 0; path = ExpensesTrackerAppUITests.xctest; sourceTree = BUILT_PRODUCTS_DIR; };
/* End PBXFileReference section */

/* Begin PBXFileSystemSynchronizedBuildFileExceptionSet section */
		A0669D892D79474B00E1D532 /* Exceptions for "ExpensesTrackerApp" folder in "ExpensesTrackerApp" target */ = {
			isa = PBXFileSystemSynchronizedBuildFileExceptionSet;
			membershipExceptions = (
				Info.plist,
			);
			target = A0669D602D79474A00E1D532 /* ExpensesTrackerApp */;
		};
/* End PBXFileSystemSynchronizedBuildFileExceptionSet section */

/* Begin PBXFileSystemSynchronizedRootGroup section */
		A0669D632D79474A00E1D532 /* ExpensesTrackerApp */ = {
			isa = PBXFileSystemSynchronizedRootGroup;
			exceptions = (
				A0669D892D79474B00E1D532 /* Exceptions for "ExpensesTrackerApp" folder in "ExpensesTrackerApp" target */,
			);
			path = ExpensesTrackerApp;
			sourceTree = "<group>";
		};
		A0669D7A2D79474B00E1D532 /* ExpensesTrackerAppTests */ = {
			isa = PBXFileSystemSynchronizedRootGroup;
			path = ExpensesTrackerAppTests;
			sourceTree = "<group>";
		};
		A0669D842D79474B00E1D532 /* ExpensesTrackerAppUITests */ = {
			isa = PBXFileSystemSynchronizedRootGroup;
			path = ExpensesTrackerAppUITests;
			sourceTree = "<group>";
		};
/* End PBXFileSystemSynchronizedRootGroup section */

/* Begin PBXFrameworksBuildPhase section */
		A0669D5E2D79474A00E1D532 /* Frameworks */ = {
			isa = PBXFrameworksBuildPhase;
			buildActionMask = 2147483647;
			files = (
				A0669DC42D794C2800E1D532 /* RealmSwift in Frameworks */,
				A0669DC12D794AB800E1D532 /* GoogleSignInSwift in Frameworks */,
				A0669DBC2D794A5D00E1D532 /* FirebaseCrashlytics in Frameworks */,
				A0669DC72D794C4300E1D532 /* SnapKit in Frameworks */,
				A0669DBF2D794AB800E1D532 /* GoogleSignIn in Frameworks */,
				A0669DBA2D794A5D00E1D532 /* FirebaseCore in Frameworks */,
				A0669DB82D794A5D00E1D532 /* FirebaseAuth in Frameworks */,
			);
			runOnlyForDeploymentPostprocessing = 0;
		};
		A0669D742D79474B00E1D532 /* Frameworks */ = {
			isa = PBXFrameworksBuildPhase;
			buildActionMask = 2147483647;
			files = (
			);
			runOnlyForDeploymentPostprocessing = 0;
		};
		A0669D7E2D79474B00E1D532 /* Frameworks */ = {
			isa = PBXFrameworksBuildPhase;
			buildActionMask = 2147483647;
			files = (
			);
			runOnlyForDeploymentPostprocessing = 0;
		};
/* End PBXFrameworksBuildPhase section */

/* Begin PBXGroup section */
		A0669D582D79474A00E1D532 = {
			isa = PBXGroup;
			children = (
				A0669D632D79474A00E1D532 /* ExpensesTrackerApp */,
				A0669D7A2D79474B00E1D532 /* ExpensesTrackerAppTests */,
				A0669D842D79474B00E1D532 /* ExpensesTrackerAppUITests */,
				A0669D622D79474A00E1D532 /* Products */,
			);
			sourceTree = "<group>";
		};
		A0669D622D79474A00E1D532 /* Products */ = {
			isa = PBXGroup;
			children = (
				A0669D612D79474A00E1D532 /* ExpensesTrackerApp.app */,
				A0669D772D79474B00E1D532 /* ExpensesTrackerAppTests.xctest */,
				A0669D812D79474B00E1D532 /* ExpensesTrackerAppUITests.xctest */,
			);
			name = Products;
			sourceTree = "<group>";
		};
/* End PBXGroup section */

/* Begin PBXNativeTarget section */
		A0669D602D79474A00E1D532 /* ExpensesTrackerApp */ = {
			isa = PBXNativeTarget;
			buildConfigurationList = A0669D8A2D79474B00E1D532 /* Build configuration list for PBXNativeTarget "ExpensesTrackerApp" */;
			buildPhases = (
				A0669D5D2D79474A00E1D532 /* Sources */,
				A0669D5E2D79474A00E1D532 /* Frameworks */,
				A0669D5F2D79474A00E1D532 /* Resources */,
				A0669DB52D7949D900E1D532 /* ShellScript */,
			);
			buildRules = (
			);
			dependencies = (
			);
			fileSystemSynchronizedGroups = (
				A0669D632D79474A00E1D532 /* ExpensesTrackerApp */,
			);
			name = ExpensesTrackerApp;
			packageProductDependencies = (
				A0669DB72D794A5D00E1D532 /* FirebaseAuth */,
				A0669DB92D794A5D00E1D532 /* FirebaseCore */,
				A0669DBB2D794A5D00E1D532 /* FirebaseCrashlytics */,
				A0669DBE2D794AB800E1D532 /* GoogleSignIn */,
				A0669DC02D794AB800E1D532 /* GoogleSignInSwift */,
				A0669DC32D794C2800E1D532 /* RealmSwift */,
				A0669DC62D794C4300E1D532 /* SnapKit */,
			);
			productName = ExpensesTrackerApp;
			productReference = A0669D612D79474A00E1D532 /* ExpensesTrackerApp.app */;
			productType = "com.apple.product-type.application";
		};
		A0669D762D79474B00E1D532 /* ExpensesTrackerAppTests */ = {
			isa = PBXNativeTarget;
			buildConfigurationList = A0669D8F2D79474B00E1D532 /* Build configuration list for PBXNativeTarget "ExpensesTrackerAppTests" */;
			buildPhases = (
				A0669D732D79474B00E1D532 /* Sources */,
				A0669D742D79474B00E1D532 /* Frameworks */,
				A0669D752D79474B00E1D532 /* Resources */,
			);
			buildRules = (
			);
			dependencies = (
				A0669D792D79474B00E1D532 /* PBXTargetDependency */,
			);
			fileSystemSynchronizedGroups = (
				A0669D7A2D79474B00E1D532 /* ExpensesTrackerAppTests */,
			);
			name = ExpensesTrackerAppTests;
			packageProductDependencies = (
			);
			productName = ExpensesTrackerAppTests;
			productReference = A0669D772D79474B00E1D532 /* ExpensesTrackerAppTests.xctest */;
			productType = "com.apple.product-type.bundle.unit-test";
		};
		A0669D802D79474B00E1D532 /* ExpensesTrackerAppUITests */ = {
			isa = PBXNativeTarget;
			buildConfigurationList = A0669D922D79474B00E1D532 /* Build configuration list for PBXNativeTarget "ExpensesTrackerAppUITests" */;
			buildPhases = (
				A0669D7D2D79474B00E1D532 /* Sources */,
				A0669D7E2D79474B00E1D532 /* Frameworks */,
				A0669D7F2D79474B00E1D532 /* Resources */,
			);
			buildRules = (
			);
			dependencies = (
				A0669D832D79474B00E1D532 /* PBXTargetDependency */,
			);
			fileSystemSynchronizedGroups = (
				A0669D842D79474B00E1D532 /* ExpensesTrackerAppUITests */,
			);
			name = ExpensesTrackerAppUITests;
			packageProductDependencies = (
			);
			productName = ExpensesTrackerAppUITests;
			productReference = A0669D812D79474B00E1D532 /* ExpensesTrackerAppUITests.xctest */;
			productType = "com.apple.product-type.bundle.ui-testing";
		};
/* End PBXNativeTarget section */

/* Begin PBXProject section */
		A0669D592D79474A00E1D532 /* Project object */ = {
			isa = PBXProject;
			attributes = {
				BuildIndependentTargetsInParallel = 1;
				LastSwiftUpdateCheck = 1620;
				LastUpgradeCheck = 1620;
				TargetAttributes = {
					A0669D602D79474A00E1D532 = {
						CreatedOnToolsVersion = 16.2;
					};
					A0669D762D79474B00E1D532 = {
						CreatedOnToolsVersion = 16.2;
						TestTargetID = A0669D602D79474A00E1D532;
					};
					A0669D802D79474B00E1D532 = {
						CreatedOnToolsVersion = 16.2;
						TestTargetID = A0669D602D79474A00E1D532;
					};
				};
			};
			buildConfigurationList = A0669D5C2D79474A00E1D532 /* Build configuration list for PBXProject "ExpensesTrackerApp" */;
			developmentRegion = en;
			hasScannedForEncodings = 0;
			knownRegions = (
				en,
				Base,
			);
			mainGroup = A0669D582D79474A00E1D532;
			minimizedProjectReferenceProxies = 1;
			packageReferences = (
				A0669DB62D794A5D00E1D532 /* XCRemoteSwiftPackageReference "firebase-ios-sdk" */,
				A0669DBD2D794AB800E1D532 /* XCRemoteSwiftPackageReference "GoogleSignIn-iOS" */,
				A0669DC22D794C2800E1D532 /* XCRemoteSwiftPackageReference "realm-cocoa" */,
				A0669DC52D794C4300E1D532 /* XCRemoteSwiftPackageReference "SnapKit" */,
			);
			preferredProjectObjectVersion = 77;
			productRefGroup = A0669D622D79474A00E1D532 /* Products */;
			projectDirPath = "";
			projectRoot = "";
			targets = (
				A0669D602D79474A00E1D532 /* ExpensesTrackerApp */,
				A0669D762D79474B00E1D532 /* ExpensesTrackerAppTests */,
				A0669D802D79474B00E1D532 /* ExpensesTrackerAppUITests */,
			);
		};
/* End PBXProject section */

/* Begin PBXResourcesBuildPhase section */
		A0669D5F2D79474A00E1D532 /* Resources */ = {
			isa = PBXResourcesBuildPhase;
			buildActionMask = 2147483647;
			files = (
			);
			runOnlyForDeploymentPostprocessing = 0;
		};
		A0669D752D79474B00E1D532 /* Resources */ = {
			isa = PBXResourcesBuildPhase;
			buildActionMask = 2147483647;
			files = (
			);
			runOnlyForDeploymentPostprocessing = 0;
		};
		A0669D7F2D79474B00E1D532 /* Resources */ = {
			isa = PBXResourcesBuildPhase;
			buildActionMask = 2147483647;
			files = (
			);
			runOnlyForDeploymentPostprocessing = 0;
		};
/* End PBXResourcesBuildPhase section */

/* Begin PBXShellScriptBuildPhase section */
		A0669DB52D7949D900E1D532 /* ShellScript */ = {
			isa = PBXShellScriptBuildPhase;
			buildActionMask = 2147483647;
			files = (
			);
			inputFileListPaths = (
			);
			inputPaths = (
			);
			outputFileListPaths = (
			);
			outputPaths = (
			);
			runOnlyForDeploymentPostprocessing = 0;
			shellPath = /bin/sh;
			shellScript = "if which swiftlint >/dev/null; then\n  swiftlint\nelse\n  echo \"warning: SwiftLint not installed, download from https://github.com/realm/SwiftLint\"\nfi\n\nif which swiftformat >/dev/null; then\n  swiftformat .\nelse\n  echo \"warning: SwiftFormat not installed, download from https://github.com/nicklockwood/SwiftFormat\"\nfi\n";
		};
/* End PBXShellScriptBuildPhase section */

/* Begin PBXSourcesBuildPhase section */
		A0669D5D2D79474A00E1D532 /* Sources */ = {
			isa = PBXSourcesBuildPhase;
			buildActionMask = 2147483647;
			files = (
			);
			runOnlyForDeploymentPostprocessing = 0;
		};
		A0669D732D79474B00E1D532 /* Sources */ = {
			isa = PBXSourcesBuildPhase;
			buildActionMask = 2147483647;
			files = (
			);
			runOnlyForDeploymentPostprocessing = 0;
		};
		A0669D7D2D79474B00E1D532 /* Sources */ = {
			isa = PBXSourcesBuildPhase;
			buildActionMask = 2147483647;
			files = (
			);
			runOnlyForDeploymentPostprocessing = 0;
		};
/* End PBXSourcesBuildPhase section */

/* Begin PBXTargetDependency section */
		A0669D792D79474B00E1D532 /* PBXTargetDependency */ = {
			isa = PBXTargetDependency;
			target = A0669D602D79474A00E1D532 /* ExpensesTrackerApp */;
			targetProxy = A0669D782D79474B00E1D532 /* PBXContainerItemProxy */;
		};
		A0669D832D79474B00E1D532 /* PBXTargetDependency */ = {
			isa = PBXTargetDependency;
			target = A0669D602D79474A00E1D532 /* ExpensesTrackerApp */;
			targetProxy = A0669D822D79474B00E1D532 /* PBXContainerItemProxy */;
		};
/* End PBXTargetDependency section */

/* Begin XCBuildConfiguration section */
		A0669D8B2D79474B00E1D532 /* Debug */ = {
			isa = XCBuildConfiguration;
			buildSettings = {
				ASSETCATALOG_COMPILER_APPICON_NAME = AppIcon;
				ASSETCATALOG_COMPILER_GLOBAL_ACCENT_COLOR_NAME = AccentColor;
				CODE_SIGN_STYLE = Automatic;
				CURRENT_PROJECT_VERSION = 1;
				DEVELOPMENT_TEAM = VZ8X72SXY6;
				GENERATE_INFOPLIST_FILE = YES;
				INFOPLIST_FILE = ExpensesTrackerApp/Info.plist;
				INFOPLIST_KEY_UIApplicationSupportsIndirectInputEvents = YES;
				INFOPLIST_KEY_UILaunchStoryboardName = LaunchScreen;
				INFOPLIST_KEY_UISupportedInterfaceOrientations_iPad = "UIInterfaceOrientationPortrait UIInterfaceOrientationPortraitUpsideDown UIInterfaceOrientationLandscapeLeft UIInterfaceOrientationLandscapeRight";
				INFOPLIST_KEY_UISupportedInterfaceOrientations_iPhone = "UIInterfaceOrientationPortrait UIInterfaceOrientationLandscapeLeft UIInterfaceOrientationLandscapeRight";
				IPHONEOS_DEPLOYMENT_TARGET = 15.6;
				LD_RUNPATH_SEARCH_PATHS = (
					"$(inherited)",
					"@executable_path/Frameworks",
				);
				MARKETING_VERSION = 1.0;
				PRODUCT_BUNDLE_IDENTIFIER = com.bhavya.expensestracker;
				PRODUCT_NAME = "$(TARGET_NAME)";
				SWIFT_EMIT_LOC_STRINGS = YES;
				SWIFT_VERSION = 5.0;
				TARGETED_DEVICE_FAMILY = "1,2";
			};
			name = Debug;
		};
		A0669D8C2D79474B00E1D532 /* Release */ = {
			isa = XCBuildConfiguration;
			buildSettings = {
				ASSETCATALOG_COMPILER_APPICON_NAME = AppIcon;
				ASSETCATALOG_COMPILER_GLOBAL_ACCENT_COLOR_NAME = AccentColor;
				CODE_SIGN_STYLE = Automatic;
				CURRENT_PROJECT_VERSION = 1;
				DEVELOPMENT_TEAM = VZ8X72SXY6;
				GENERATE_INFOPLIST_FILE = YES;
				INFOPLIST_FILE = ExpensesTrackerApp/Info.plist;
				INFOPLIST_KEY_UIApplicationSupportsIndirectInputEvents = YES;
				INFOPLIST_KEY_UILaunchStoryboardName = LaunchScreen;
				INFOPLIST_KEY_UISupportedInterfaceOrientations_iPad = "UIInterfaceOrientationPortrait UIInterfaceOrientationPortraitUpsideDown UIInterfaceOrientationLandscapeLeft UIInterfaceOrientationLandscapeRight";
				INFOPLIST_KEY_UISupportedInterfaceOrientations_iPhone = "UIInterfaceOrientationPortrait UIInterfaceOrientationLandscapeLeft UIInterfaceOrientationLandscapeRight";
				IPHONEOS_DEPLOYMENT_TARGET = 15.6;
				LD_RUNPATH_SEARCH_PATHS = (
					"$(inherited)",
					"@executable_path/Frameworks",
				);
				MARKETING_VERSION = 1.0;
				PRODUCT_BUNDLE_IDENTIFIER = com.bhavya.expensestracker;
				PRODUCT_NAME = "$(TARGET_NAME)";
				SWIFT_EMIT_LOC_STRINGS = YES;
				SWIFT_VERSION = 5.0;
				TARGETED_DEVICE_FAMILY = "1,2";
			};
			name = Release;
		};
		A0669D8D2D79474B00E1D532 /* Debug */ = {
			isa = XCBuildConfiguration;
			buildSettings = {
				ALWAYS_SEARCH_USER_PATHS = NO;
				ASSETCATALOG_COMPILER_GENERATE_SWIFT_ASSET_SYMBOL_EXTENSIONS = YES;
				CLANG_ANALYZER_NONNULL = YES;
				CLANG_ANALYZER_NUMBER_OBJECT_CONVERSION = YES_AGGRESSIVE;
				CLANG_CXX_LANGUAGE_STANDARD = "gnu++20";
				CLANG_ENABLE_MODULES = YES;
				CLANG_ENABLE_OBJC_ARC = YES;
				CLANG_ENABLE_OBJC_WEAK = YES;
				CLANG_WARN_BLOCK_CAPTURE_AUTORELEASING = YES;
				CLANG_WARN_BOOL_CONVERSION = YES;
				CLANG_WARN_COMMA = YES;
				CLANG_WARN_CONSTANT_CONVERSION = YES;
				CLANG_WARN_DEPRECATED_OBJC_IMPLEMENTATIONS = YES;
				CLANG_WARN_DIRECT_OBJC_ISA_USAGE = YES_ERROR;
				CLANG_WARN_DOCUMENTATION_COMMENTS = YES;
				CLANG_WARN_EMPTY_BODY = YES;
				CLANG_WARN_ENUM_CONVERSION = YES;
				CLANG_WARN_INFINITE_RECURSION = YES;
				CLANG_WARN_INT_CONVERSION = YES;
				CLANG_WARN_NON_LITERAL_NULL_CONVERSION = YES;
				CLANG_WARN_OBJC_IMPLICIT_RETAIN_SELF = YES;
				CLANG_WARN_OBJC_LITERAL_CONVERSION = YES;
				CLANG_WARN_OBJC_ROOT_CLASS = YES_ERROR;
				CLANG_WARN_QUOTED_INCLUDE_IN_FRAMEWORK_HEADER = YES;
				CLANG_WARN_RANGE_LOOP_ANALYSIS = YES;
				CLANG_WARN_STRICT_PROTOTYPES = YES;
				CLANG_WARN_SUSPICIOUS_MOVE = YES;
				CLANG_WARN_UNGUARDED_AVAILABILITY = YES_AGGRESSIVE;
				CLANG_WARN_UNREACHABLE_CODE = YES;
				CLANG_WARN__DUPLICATE_METHOD_MATCH = YES;
				COPY_PHASE_STRIP = NO;
				DEBUG_INFORMATION_FORMAT = dwarf;
				ENABLE_STRICT_OBJC_MSGSEND = YES;
				ENABLE_TESTABILITY = YES;
				ENABLE_USER_SCRIPT_SANDBOXING = YES;
				GCC_C_LANGUAGE_STANDARD = gnu17;
				GCC_DYNAMIC_NO_PIC = NO;
				GCC_NO_COMMON_BLOCKS = YES;
				GCC_OPTIMIZATION_LEVEL = 0;
				GCC_PREPROCESSOR_DEFINITIONS = (
					"DEBUG=1",
					"$(inherited)",
				);
				GCC_WARN_64_TO_32_BIT_CONVERSION = YES;
				GCC_WARN_ABOUT_RETURN_TYPE = YES_ERROR;
				GCC_WARN_UNDECLARED_SELECTOR = YES;
				GCC_WARN_UNINITIALIZED_AUTOS = YES_AGGRESSIVE;
				GCC_WARN_UNUSED_FUNCTION = YES;
				GCC_WARN_UNUSED_VARIABLE = YES;
				IPHONEOS_DEPLOYMENT_TARGET = 18.2;
				LOCALIZATION_PREFERS_STRING_CATALOGS = YES;
				MTL_ENABLE_DEBUG_INFO = INCLUDE_SOURCE;
				MTL_FAST_MATH = YES;
				ONLY_ACTIVE_ARCH = YES;
				SDKROOT = iphoneos;
				SWIFT_ACTIVE_COMPILATION_CONDITIONS = "DEBUG $(inherited)";
				SWIFT_OPTIMIZATION_LEVEL = "-Onone";
			};
			name = Debug;
		};
		A0669D8E2D79474B00E1D532 /* Release */ = {
			isa = XCBuildConfiguration;
			buildSettings = {
				ALWAYS_SEARCH_USER_PATHS = NO;
				ASSETCATALOG_COMPILER_GENERATE_SWIFT_ASSET_SYMBOL_EXTENSIONS = YES;
				CLANG_ANALYZER_NONNULL = YES;
				CLANG_ANALYZER_NUMBER_OBJECT_CONVERSION = YES_AGGRESSIVE;
				CLANG_CXX_LANGUAGE_STANDARD = "gnu++20";
				CLANG_ENABLE_MODULES = YES;
				CLANG_ENABLE_OBJC_ARC = YES;
				CLANG_ENABLE_OBJC_WEAK = YES;
				CLANG_WARN_BLOCK_CAPTURE_AUTORELEASING = YES;
				CLANG_WARN_BOOL_CONVERSION = YES;
				CLANG_WARN_COMMA = YES;
				CLANG_WARN_CONSTANT_CONVERSION = YES;
				CLANG_WARN_DEPRECATED_OBJC_IMPLEMENTATIONS = YES;
				CLANG_WARN_DIRECT_OBJC_ISA_USAGE = YES_ERROR;
				CLANG_WARN_DOCUMENTATION_COMMENTS = YES;
				CLANG_WARN_EMPTY_BODY = YES;
				CLANG_WARN_ENUM_CONVERSION = YES;
				CLANG_WARN_INFINITE_RECURSION = YES;
				CLANG_WARN_INT_CONVERSION = YES;
				CLANG_WARN_NON_LITERAL_NULL_CONVERSION = YES;
				CLANG_WARN_OBJC_IMPLICIT_RETAIN_SELF = YES;
				CLANG_WARN_OBJC_LITERAL_CONVERSION = YES;
				CLANG_WARN_OBJC_ROOT_CLASS = YES_ERROR;
				CLANG_WARN_QUOTED_INCLUDE_IN_FRAMEWORK_HEADER = YES;
				CLANG_WARN_RANGE_LOOP_ANALYSIS = YES;
				CLANG_WARN_STRICT_PROTOTYPES = YES;
				CLANG_WARN_SUSPICIOUS_MOVE = YES;
				CLANG_WARN_UNGUARDED_AVAILABILITY = YES_AGGRESSIVE;
				CLANG_WARN_UNREACHABLE_CODE = YES;
				CLANG_WARN__DUPLICATE_METHOD_MATCH = YES;
				COPY_PHASE_STRIP = NO;
				DEBUG_INFORMATION_FORMAT = "dwarf-with-dsym";
				ENABLE_NS_ASSERTIONS = NO;
				ENABLE_STRICT_OBJC_MSGSEND = YES;
				ENABLE_USER_SCRIPT_SANDBOXING = YES;
				GCC_C_LANGUAGE_STANDARD = gnu17;
				GCC_NO_COMMON_BLOCKS = YES;
				GCC_WARN_64_TO_32_BIT_CONVERSION = YES;
				GCC_WARN_ABOUT_RETURN_TYPE = YES_ERROR;
				GCC_WARN_UNDECLARED_SELECTOR = YES;
				GCC_WARN_UNINITIALIZED_AUTOS = YES_AGGRESSIVE;
				GCC_WARN_UNUSED_FUNCTION = YES;
				GCC_WARN_UNUSED_VARIABLE = YES;
				IPHONEOS_DEPLOYMENT_TARGET = 18.2;
				LOCALIZATION_PREFERS_STRING_CATALOGS = YES;
				MTL_ENABLE_DEBUG_INFO = NO;
				MTL_FAST_MATH = YES;
				SDKROOT = iphoneos;
				SWIFT_COMPILATION_MODE = wholemodule;
				VALIDATE_PRODUCT = YES;
			};
			name = Release;
		};
		A0669D902D79474B00E1D532 /* Debug */ = {
			isa = XCBuildConfiguration;
			buildSettings = {
				BUNDLE_LOADER = "$(TEST_HOST)";
				CODE_SIGN_STYLE = Automatic;
				CURRENT_PROJECT_VERSION = 1;
				DEVELOPMENT_TEAM = VZ8X72SXY6;
				GENERATE_INFOPLIST_FILE = YES;
				IPHONEOS_DEPLOYMENT_TARGET = 18.2;
				MARKETING_VERSION = 1.0;
				PRODUCT_BUNDLE_IDENTIFIER = com.bhavya.expensestracker.ExpensesTrackerAppTests;
				PRODUCT_NAME = "$(TARGET_NAME)";
				SWIFT_EMIT_LOC_STRINGS = NO;
				SWIFT_VERSION = 5.0;
				TARGETED_DEVICE_FAMILY = "1,2";
				TEST_HOST = "$(BUILT_PRODUCTS_DIR)/ExpensesTrackerApp.app/$(BUNDLE_EXECUTABLE_FOLDER_PATH)/ExpensesTrackerApp";
			};
			name = Debug;
		};
		A0669D912D79474B00E1D532 /* Release */ = {
			isa = XCBuildConfiguration;
			buildSettings = {
				BUNDLE_LOADER = "$(TEST_HOST)";
				CODE_SIGN_STYLE = Automatic;
				CURRENT_PROJECT_VERSION = 1;
				DEVELOPMENT_TEAM = VZ8X72SXY6;
				GENERATE_INFOPLIST_FILE = YES;
				IPHONEOS_DEPLOYMENT_TARGET = 18.2;
				MARKETING_VERSION = 1.0;
				PRODUCT_BUNDLE_IDENTIFIER = com.bhavya.expensestracker.ExpensesTrackerAppTests;
				PRODUCT_NAME = "$(TARGET_NAME)";
				SWIFT_EMIT_LOC_STRINGS = NO;
				SWIFT_VERSION = 5.0;
				TARGETED_DEVICE_FAMILY = "1,2";
				TEST_HOST = "$(BUILT_PRODUCTS_DIR)/ExpensesTrackerApp.app/$(BUNDLE_EXECUTABLE_FOLDER_PATH)/ExpensesTrackerApp";
			};
			name = Release;
		};
		A0669D932D79474B00E1D532 /* Debug */ = {
			isa = XCBuildConfiguration;
			buildSettings = {
				CODE_SIGN_STYLE = Automatic;
				CURRENT_PROJECT_VERSION = 1;
				DEVELOPMENT_TEAM = VZ8X72SXY6;
				GENERATE_INFOPLIST_FILE = YES;
				MARKETING_VERSION = 1.0;
				PRODUCT_BUNDLE_IDENTIFIER = com.bhavya.expensestracker.ExpensesTrackerAppUITests;
				PRODUCT_NAME = "$(TARGET_NAME)";
				SWIFT_EMIT_LOC_STRINGS = NO;
				SWIFT_VERSION = 5.0;
				TARGETED_DEVICE_FAMILY = "1,2";
				TEST_TARGET_NAME = ExpensesTrackerApp;
			};
			name = Debug;
		};
		A0669D942D79474B00E1D532 /* Release */ = {
			isa = XCBuildConfiguration;
			buildSettings = {
				CODE_SIGN_STYLE = Automatic;
				CURRENT_PROJECT_VERSION = 1;
				DEVELOPMENT_TEAM = VZ8X72SXY6;
				GENERATE_INFOPLIST_FILE = YES;
				MARKETING_VERSION = 1.0;
				PRODUCT_BUNDLE_IDENTIFIER = com.bhavya.expensestracker.ExpensesTrackerAppUITests;
				PRODUCT_NAME = "$(TARGET_NAME)";
				SWIFT_EMIT_LOC_STRINGS = NO;
				SWIFT_VERSION = 5.0;
				TARGETED_DEVICE_FAMILY = "1,2";
				TEST_TARGET_NAME = ExpensesTrackerApp;
			};
			name = Release;
		};
/* End XCBuildConfiguration section */

/* Begin XCConfigurationList section */
		A0669D5C2D79474A00E1D532 /* Build configuration list for PBXProject "ExpensesTrackerApp" */ = {
			isa = XCConfigurationList;
			buildConfigurations = (
				A0669D8D2D79474B00E1D532 /* Debug */,
				A0669D8E2D79474B00E1D532 /* Release */,
			);
			defaultConfigurationIsVisible = 0;
			defaultConfigurationName = Release;
		};
		A0669D8A2D79474B00E1D532 /* Build configuration list for PBXNativeTarget "ExpensesTrackerApp" */ = {
			isa = XCConfigurationList;
			buildConfigurations = (
				A0669D8B2D79474B00E1D532 /* Debug */,
				A0669D8C2D79474B00E1D532 /* Release */,
			);
			defaultConfigurationIsVisible = 0;
			defaultConfigurationName = Release;
		};
		A0669D8F2D79474B00E1D532 /* Build configuration list for PBXNativeTarget "ExpensesTrackerAppTests" */ = {
			isa = XCConfigurationList;
			buildConfigurations = (
				A0669D902D79474B00E1D532 /* Debug */,
				A0669D912D79474B00E1D532 /* Release */,
			);
			defaultConfigurationIsVisible = 0;
			defaultConfigurationName = Release;
		};
		A0669D922D79474B00E1D532 /* Build configuration list for PBXNativeTarget "ExpensesTrackerAppUITests" */ = {
			isa = XCConfigurationList;
			buildConfigurations = (
				A0669D932D79474B00E1D532 /* Debug */,
				A0669D942D79474B00E1D532 /* Release */,
			);
			defaultConfigurationIsVisible = 0;
			defaultConfigurationName = Release;
		};
/* End XCConfigurationList section */

/* Begin XCRemoteSwiftPackageReference section */
		A0669DB62D794A5D00E1D532 /* XCRemoteSwiftPackageReference "firebase-ios-sdk" */ = {
			isa = XCRemoteSwiftPackageReference;
			repositoryURL = "https://github.com/firebase/firebase-ios-sdk";
			requirement = {
				kind = upToNextMajorVersion;
				minimumVersion = 11.9.0;
			};
		};
		A0669DBD2D794AB800E1D532 /* XCRemoteSwiftPackageReference "GoogleSignIn-iOS" */ = {
			isa = XCRemoteSwiftPackageReference;
			repositoryURL = "https://github.com/google/GoogleSignIn-iOS.git";
			requirement = {
				kind = upToNextMajorVersion;
				minimumVersion = 8.0.0;
			};
		};
		A0669DC22D794C2800E1D532 /* XCRemoteSwiftPackageReference "realm-cocoa" */ = {
			isa = XCRemoteSwiftPackageReference;
			repositoryURL = "https://github.com/realm/realm-cocoa.git";
			requirement = {
				kind = upToNextMajorVersion;
				minimumVersion = 10.0.0;
			};
		};
		A0669DC52D794C4300E1D532 /* XCRemoteSwiftPackageReference "SnapKit" */ = {
			isa = XCRemoteSwiftPackageReference;
			repositoryURL = "https://github.com/SnapKit/SnapKit.git";
			requirement = {
				kind = upToNextMajorVersion;
				minimumVersion = 5.7.1;
			};
		};
/* End XCRemoteSwiftPackageReference section */

/* Begin XCSwiftPackageProductDependency section */
		A0669DB72D794A5D00E1D532 /* FirebaseAuth */ = {
			isa = XCSwiftPackageProductDependency;
			package = A0669DB62D794A5D00E1D532 /* XCRemoteSwiftPackageReference "firebase-ios-sdk" */;
			productName = FirebaseAuth;
		};
		A0669DB92D794A5D00E1D532 /* FirebaseCore */ = {
			isa = XCSwiftPackageProductDependency;
			package = A0669DB62D794A5D00E1D532 /* XCRemoteSwiftPackageReference "firebase-ios-sdk" */;
			productName = FirebaseCore;
		};
		A0669DBB2D794A5D00E1D532 /* FirebaseCrashlytics */ = {
			isa = XCSwiftPackageProductDependency;
			package = A0669DB62D794A5D00E1D532 /* XCRemoteSwiftPackageReference "firebase-ios-sdk" */;
			productName = FirebaseCrashlytics;
		};
		A0669DBE2D794AB800E1D532 /* GoogleSignIn */ = {
			isa = XCSwiftPackageProductDependency;
			package = A0669DBD2D794AB800E1D532 /* XCRemoteSwiftPackageReference "GoogleSignIn-iOS" */;
			productName = GoogleSignIn;
		};
		A0669DC02D794AB800E1D532 /* GoogleSignInSwift */ = {
			isa = XCSwiftPackageProductDependency;
			package = A0669DBD2D794AB800E1D532 /* XCRemoteSwiftPackageReference "GoogleSignIn-iOS" */;
			productName = GoogleSignInSwift;
		};
		A0669DC32D794C2800E1D532 /* RealmSwift */ = {
			isa = XCSwiftPackageProductDependency;
			package = A0669DC22D794C2800E1D532 /* XCRemoteSwiftPackageReference "realm-cocoa" */;
			productName = RealmSwift;
		};
		A0669DC62D794C4300E1D532 /* SnapKit */ = {
			isa = XCSwiftPackageProductDependency;
			package = A0669DC52D794C4300E1D532 /* XCRemoteSwiftPackageReference "SnapKit" */;
			productName = SnapKit;
		};
/* End XCSwiftPackageProductDependency section */
	};
	rootObject = A0669D592D79474A00E1D532 /* Project object */;
}
